{
  "name": "conscious-network",
  "version": "1.0.0",
  "lockfileVersion": 3,
  "requires": true,
  "packages": {
    "": {
      "name": "conscious-network",
      "version": "1.0.0",
      "license": "MIT",
      "workspaces": [
        "core/event-bus",
        "core/state",
        "core/runtime"
      ],
      "dependencies": {
        "@conscious-network/runtime": "*"
      },
      "devDependencies": {},
      "engines": {
        "node": ">=18.0.0"
      }
    },
    "core/event-bus": {
      "name": "@conscious-network/event-bus",
      "version": "1.0.0",
      "license": "MIT",
      "engines": {
        "node": ">=18.0.0"
      }
    },
    "core/runtime": {
      "name": "@conscious-network/runtime",
      "version": "1.0.0",
      "license": "MIT",
      "dependencies": {
        "@conscious-network/event-bus": "*",
        "@conscious-network/state": "*"
      },
      "engines": {
        "node": ">=18.0.0"
      }
    },
    "core/state": {
      "name": "@conscious-network/state",
      "version": "1.0.0",
      "license": "MIT",
      "engines": {
        "node": ">=18.0.0"
      }
    },
    "node_modules/@conscious-network/event-bus": {
      "resolved": "core/event-bus",
      "link": true
    },
    "node_modules/@conscious-network/runtime": {
      "resolved": "core/runtime",
      "link": true
    },
    "node_modules/@conscious-network/state": {
      "resolved": "core/state",
      "link": true
    }
  }
}
